{
  "name": "opportunity-radar-frontend",
  "version": "0.8.1",
  "lockfileVersion": 3,
  "requires": true,
  "packages": {
    "": {
      "name": "opportunity-radar-frontend",
      "version": "0.8.1",
      "devDependencies": {
        "typescript": "5.8.3"
      }
    },
    "node_modules/typescript": {
      "version": "5.8.3",
      "dev": true,
      "license": "Apache-2.0",
      "bin": {"tsc": "bin/tsc", "tsserver": "bin/tsserver"},
      "engines": {"node": ">=14.17"}
    }
  }
}
